<Solution>
  <Folder Name="/src/" />
  <Folder Name="/src/Services/">
    <Project Path="src/Services/FundingService/FundingService.csproj" />
    <Project Path="src/Services/LedgerService/LedgerService.csproj" />
    <Project Path="src/Services/WalletService/WalletService.csproj" />
    <Project Path="src/Services/NotificationService/NotificationService.csproj" />
    <Project Path="src/Services/PaymentService/PaymentService.csproj" />
    <Project Path="src/Services/StatementService/StatementService.csproj" />
  </Folder>
  <Folder Name="/src/Shared/">
    <Project Path="src/Shared/PayFlow.Shared.Messaging/PayFlow.Shared.Messaging.csproj" />
    <Project Path="src/Shared/PayFlow.Shared.Observability/PayFlow.Shared.Observability.csproj" />
    <Project Path="src/Shared/PayFlow.Shared.Primitives/PayFlow.Shared.Primitives.csproj" />
  </Folder>
  <Folder Name="/tests/">
    <Project Path="tests/FundingService.Tests/FundingService.Tests.csproj" />
    <Project Path="tests/LedgerService.Tests/LedgerService.Tests.csproj" />
    <Project Path="tests/WalletService.Tests/WalletService.Tests.csproj" />
    <Project Path="tests/NotificationService.Tests/NotificationService.Tests.csproj" />
    <Project Path="tests/PaymentService.Tests/PaymentService.Tests.csproj" />
    <Project Path="tests/StatementService.Tests/StatementService.Tests.csproj" />
  </Folder>
</Solution>
